// !$*UTF8*$!
{
	archiveVersion = 1;
	classes = {
	};
	objectVersion = 55;
	objects = {

/* Begin PBXBuildFile section */
		1818DBC029B7B12700B0CAB8 /* AppDelegate.swift in Sources */ = {isa = PBXBuildFile; fileRef = 1818DBBF29B7B12700B0CAB8 /* AppDelegate.swift */; };
		1818DBC929B7B12A00B0CAB8 /* Assets.xcassets in Resources */ = {isa = PBXBuildFile; fileRef = 1818DBC829B7B12A00B0CAB8 /* Assets.xcassets */; };
		1818DBCC29B7B12A00B0CAB8 /* LaunchScreen.storyboard in Resources */ = {isa = PBXBuildFile; fileRef = 1818DBCA29B7B12A00B0CAB8 /* LaunchScreen.storyboard */; };
		1818DBD729B7B12B00B0CAB8 /* IOS_CalculatorTests.swift in Sources */ = {isa = PBXBuildFile; fileRef = 1818DBD629B7B12B00B0CAB8 /* IOS_CalculatorTests.swift */; };
		1818DBE129B7B12B00B0CAB8 /* IOS_CalculatorUITests.swift in Sources */ = {isa = PBXBuildFile; fileRef = 1818DBE029B7B12B00B0CAB8 /* IOS_CalculatorUITests.swift */; };
		1818DBE329B7B12B00B0CAB8 /* IOS_CalculatorUITestsLaunchTests.swift in Sources */ = {isa = PBXBuildFile; fileRef = 1818DBE229B7B12B00B0CAB8 /* IOS_CalculatorUITestsLaunchTests.swift */; };
		1818DBF929B7B44E00B0CAB8 /* HomeViewController.swift in Sources */ = {isa = PBXBuildFile; fileRef = 1818DBF729B7B44E00B0CAB8 /* HomeViewController.swift */; };
		1818DBFA29B7B44E00B0CAB8 /* HomeViewController.xib in Resources */ = {isa = PBXBuildFile; fileRef = 1818DBF829B7B44E00B0CAB8 /* HomeViewController.xib */; };
		1851294029B90390008C2B41 /* UIButtonExtension.swift in Sources */ = {isa = PBXBuildFile; fileRef = 1851293F29B90390008C2B41 /* UIButtonExtension.swift */; };
/* End PBXBuildFile section */

/* Begin PBXContainerItemProxy section */
		1818DBD329B7B12B00B0CAB8 /* PBXContainerItemProxy */ = {
			isa = PBXContainerItemProxy;
			containerPortal = 1818DBB429B7B12700B0CAB8 /* Project object */;
			proxyType = 1;
			remoteGlobalIDString = 1818DBBB29B7B12700B0CAB8;
			remoteInfo = "IOS-Calculator";
		};
		1818DBDD29B7B12B00B0CAB8 /* PBXContainerItemProxy */ = {
			isa = PBXContainerItemProxy;
			containerPortal = 1818DBB429B7B12700B0CAB8 /* Project object */;
			proxyType = 1;
			remoteGlobalIDString = 1818DBBB29B7B12700B0CAB8;
			remoteInfo = "IOS-Calculator";
		};
/* End PBXContainerItemProxy section */

/* Begin PBXFileReference section */
		1818DBBC29B7B12700B0CAB8 /* IOS-Calculator.app */ = {isa = PBXFileReference; explicitFileType = wrapper.application; includeInIndex = 0; path = "IOS-Calculator.app"; sourceTree = BUILT_PRODUCTS_DIR; };
		1818DBBF29B7B12700B0CAB8 /* AppDelegate.swift */ = {isa = PBXFileReference; lastKnownFileType = sourcecode.swift; path = AppDelegate.swift; sourceTree = "<group>"; };
		1818DBC829B7B12A00B0CAB8 /* Assets.xcassets */ = {isa = PBXFileReference; lastKnownFileType = folder.assetcatalog; path = Assets.xcassets; sourceTree = "<group>"; };
		1818DBCB29B7B12A00B0CAB8 /* Base */ = {isa = PBXFileReference; lastKnownFileType = file.storyboard; name = Base; path = Base.lproj/LaunchScreen.storyboard; sourceTree = "<group>"; };
		1818DBCD29B7B12A00B0CAB8 /* Info.plist */ = {isa = PBXFileReference; lastKnownFileType = text.plist.xml; path = Info.plist; sourceTree = "<group>"; };
		1818DBD229B7B12B00B0CAB8 /* IOS-CalculatorTests.xctest */ = {isa = PBXFileReference; explicitFileType = wrapper.cfbundle; includeInIndex = 0; path = "IOS-CalculatorTests.xctest"; sourceTree = BUILT_PRODUCTS_DIR; };
		1818DBD629B7B12B00B0CAB8 /* IOS_CalculatorTests.swift */ = {isa = PBXFileReference; lastKnownFileType = sourcecode.swift; path = IOS_CalculatorTests.swift; sourceTree = "<group>"; };
		1818DBDC29B7B12B00B0CAB8 /* IOS-CalculatorUITests.xctest */ = {isa = PBXFileReference; explicitFileType = wrapper.cfbundle; includeInIndex = 0; path = "IOS-CalculatorUITests.xctest"; sourceTree = BUILT_PRODUCTS_DIR; };
		1818DBE029B7B12B00B0CAB8 /* IOS_CalculatorUITests.swift */ = {isa = PBXFileReference; lastKnownFileType = sourcecode.swift; path = IOS_CalculatorUITests.swift; sourceTree = "<group>"; };
		1818DBE229B7B12B00B0CAB8 /* IOS_CalculatorUITestsLaunchTests.swift */ = {isa = PBXFileReference; lastKnownFileType = sourcecode.swift; path = IOS_CalculatorUITestsLaunchTests.swift; sourceTree = "<group>"; };
		1818DBF729B7B44E00B0CAB8 /* HomeViewController.swift */ = {isa = PBXFileReference; lastKnownFileType = sourcecode.swift; path = HomeViewController.swift; sourceTree = "<group>"; };
		1818DBF829B7B44E00B0CAB8 /* HomeViewController.xib */ = {isa = PBXFileReference; lastKnownFileType = file.xib; path = HomeViewController.xib; sourceTree = "<group>"; };
		1851293F29B90390008C2B41 /* UIButtonExtension.swift */ = {isa = PBXFileReference; lastKnownFileType = sourcecode.swift; path = UIButtonExtension.swift; sourceTree = "<group>"; };
/* End PBXFileReference section */

/* Begin PBXFrameworksBuildPhase section */
		1818DBB929B7B12700B0CAB8 /* Frameworks */ = {
			isa = PBXFrameworksBuildPhase;
			buildActionMask = 2147483647;
			files = (
			);
			runOnlyForDeploymentPostprocessing = 0;
		};
		1818DBCF29B7B12B00B0CAB8 /* Frameworks */ = {
			isa = PBXFrameworksBuildPhase;
			buildActionMask = 2147483647;
			files = (
			);
			runOnlyForDeploymentPostprocessing = 0;
		};
		1818DBD929B7B12B00B0CAB8 /* Frameworks */ = {
			isa = PBXFrameworksBuildPhase;
			buildActionMask = 2147483647;
			files = (
			);
			runOnlyForDeploymentPostprocessing = 0;
		};
/* End PBXFrameworksBuildPhase section */

/* Begin PBXGroup section */
		1818DBB329B7B12700B0CAB8 = {
			isa = PBXGroup;
			children = (
				1818DBBE29B7B12700B0CAB8 /* IOS-Calculator */,
				1818DBD529B7B12B00B0CAB8 /* IOS-CalculatorTests */,
				1818DBDF29B7B12B00B0CAB8 /* IOS-CalculatorUITests */,
				1818DBBD29B7B12700B0CAB8 /* Products */,
			);
			sourceTree = "<group>";
		};
		1818DBBD29B7B12700B0CAB8 /* Products */ = {
			isa = PBXGroup;
			children = (
				1818DBBC29B7B12700B0CAB8 /* IOS-Calculator.app */,
				1818DBD229B7B12B00B0CAB8 /* IOS-CalculatorTests.xctest */,
				1818DBDC29B7B12B00B0CAB8 /* IOS-CalculatorUITests.xctest */,
			);
			name = Products;
			sourceTree = "<group>";
		};
		1818DBBE29B7B12700B0CAB8 /* IOS-Calculator */ = {
			isa = PBXGroup;
			children = (
				1818DBBF29B7B12700B0CAB8 /* AppDelegate.swift */,
				1818DBF329B7B37100B0CAB8 /* Util */,
				1818DBF229B7B36500B0CAB8 /* View */,
				1818DBF129B7B35900B0CAB8 /* Controller */,
				1818DBF029B7B34800B0CAB8 /* Model */,
				1818DBC829B7B12A00B0CAB8 /* Assets.xcassets */,
				1818DBEF29B7B19800B0CAB8 /* Supporting Files */,
			);
			path = "IOS-Calculator";
			sourceTree = "<group>";
		};
		1818DBD529B7B12B00B0CAB8 /* IOS-CalculatorTests */ = {
			isa = PBXGroup;
			children = (
				1818DBD629B7B12B00B0CAB8 /* IOS_CalculatorTests.swift */,
			);
			path = "IOS-CalculatorTests";
			sourceTree = "<group>";
		};
		1818DBDF29B7B12B00B0CAB8 /* IOS-CalculatorUITests */ = {
			isa = PBXGroup;
			children = (
				1818DBE029B7B12B00B0CAB8 /* IOS_CalculatorUITests.swift */,
				1818DBE229B7B12B00B0CAB8 /* IOS_CalculatorUITestsLaunchTests.swift */,
			);
			path = "IOS-CalculatorUITests";
			sourceTree = "<group>";
		};
		1818DBEF29B7B19800B0CAB8 /* Supporting Files */ = {
			isa = PBXGroup;
			children = (
				1818DBCD29B7B12A00B0CAB8 /* Info.plist */,
			);
			path = "Supporting Files";
			sourceTree = "<group>";
		};
		1818DBF029B7B34800B0CAB8 /* Model */ = {
			isa = PBXGroup;
			children = (
			);
			path = Model;
			sourceTree = "<group>";
		};
		1818DBF129B7B35900B0CAB8 /* Controller */ = {
			isa = PBXGroup;
			children = (
				1818DBF729B7B44E00B0CAB8 /* HomeViewController.swift */,
				1818DBF629B7B41500B0CAB8 /* Home */,
			);
			path = Controller;
			sourceTree = "<group>";
		};
		1818DBF229B7B36500B0CAB8 /* View */ = {
			isa = PBXGroup;
			children = (
				1818DBF529B7B40C00B0CAB8 /* Home */,
				1818DBF429B7B39F00B0CAB8 /* Launch */,
			);
			path = View;
			sourceTree = "<group>";
		};
		1818DBF329B7B37100B0CAB8 /* Util */ = {
			isa = PBXGroup;
			children = (
				1851293F29B90390008C2B41 /* UIButtonExtension.swift */,
			);
			path = Util;
			sourceTree = "<group>";
		};
		1818DBF429B7B39F00B0CAB8 /* Launch */ = {
			isa = PBXGroup;
			children = (
				1818DBCA29B7B12A00B0CAB8 /* LaunchScreen.storyboard */,
			);
			path = Launch;
			sourceTree = "<group>";
		};
		1818DBF529B7B40C00B0CAB8 /* Home */ = {
			isa = PBXGroup;
			children = (
				1818DBF829B7B44E00B0CAB8 /* HomeViewController.xib */,
			);
			path = Home;
			sourceTree = "<group>";
		};
		1818DBF629B7B41500B0CAB8 /* Home */ = {
			isa = PBXGroup;
			children = (
			);
			path = Home;
			sourceTree = "<group>";
		};
/* End PBXGroup section */

/* Begin PBXNativeTarget section */
		1818DBBB29B7B12700B0CAB8 /* IOS-Calculator */ = {
			isa = PBXNativeTarget;
			buildConfigurationList = 1818DBE629B7B12B00B0CAB8 /* Build configuration list for PBXNativeTarget "IOS-Calculator" */;
			buildPhases = (
				1818DBB829B7B12700B0CAB8 /* Sources */,
				1818DBB929B7B12700B0CAB8 /* Frameworks */,
				1818DBBA29B7B12700B0CAB8 /* Resources */,
			);
			buildRules = (
			);
			dependencies = (
			);
			name = "IOS-Calculator";
			productName = "IOS-Calculator";
			productReference = 1818DBBC29B7B12700B0CAB8 /* IOS-Calculator.app */;
			productType = "com.apple.product-type.application";
		};
		1818DBD129B7B12B00B0CAB8 /* IOS-CalculatorTests */ = {
			isa = PBXNativeTarget;
			buildConfigurationList = 1818DBE929B7B12B00B0CAB8 /* Build configuration list for PBXNativeTarget "IOS-CalculatorTests" */;
			buildPhases = (
				1818DBCE29B7B12B00B0CAB8 /* Sources */,
				1818DBCF29B7B12B00B0CAB8 /* Frameworks */,
				1818DBD029B7B12B00B0CAB8 /* Resources */,
			);
			buildRules = (
			);
			dependencies = (
				1818DBD429B7B12B00B0CAB8 /* PBXTargetDependency */,
			);
			name = "IOS-CalculatorTests";
			productName = "IOS-CalculatorTests";
			productReference = 1818DBD229B7B12B00B0CAB8 /* IOS-CalculatorTests.xctest */;
			productType = "com.apple.product-type.bundle.unit-test";
		};
		1818DBDB29B7B12B00B0CAB8 /* IOS-CalculatorUITests */ = {
			isa = PBXNativeTarget;
			buildConfigurationList = 1818DBEC29B7B12B00B0CAB8 /* Build configuration list for PBXNativeTarget "IOS-CalculatorUITests" */;
			buildPhases = (
				1818DBD829B7B12B00B0CAB8 /* Sources */,
				1818DBD929B7B12B00B0CAB8 /* Frameworks */,
				1818DBDA29B7B12B00B0CAB8 /* Resources */,
			);
			buildRules = (
			);
			dependencies = (
				1818DBDE29B7B12B00B0CAB8 /* PBXTargetDependency */,
			);
			name = "IOS-CalculatorUITests";
			productName = "IOS-CalculatorUITests";
			productReference = 1818DBDC29B7B12B00B0CAB8 /* IOS-CalculatorUITests.xctest */;
			productType = "com.apple.product-type.bundle.ui-testing";
		};
/* End PBXNativeTarget section */

/* Begin PBXProject section */
		1818DBB429B7B12700B0CAB8 /* Project object */ = {
			isa = PBXProject;
			attributes = {
				BuildIndependentTargetsInParallel = 1;
				LastSwiftUpdateCheck = 1320;
				LastUpgradeCheck = 1320;
				TargetAttributes = {
					1818DBBB29B7B12700B0CAB8 = {
						CreatedOnToolsVersion = 13.2.1;
					};
					1818DBD129B7B12B00B0CAB8 = {
						CreatedOnToolsVersion = 13.2.1;
						TestTargetID = 1818DBBB29B7B12700B0CAB8;
					};
					1818DBDB29B7B12B00B0CAB8 = {
						CreatedOnToolsVersion = 13.2.1;
						TestTargetID = 1818DBBB29B7B12700B0CAB8;
					};
				};
			};
			buildConfigurationList = 1818DBB729B7B12700B0CAB8 /* Build configuration list for PBXProject "IOS-Calculator" */;
			compatibilityVersion = "Xcode 13.0";
			developmentRegion = en;
			hasScannedForEncodings = 0;
			knownRegions = (
				en,
				Base,
			);
			mainGroup = 1818DBB329B7B12700B0CAB8;
			productRefGroup = 1818DBBD29B7B12700B0CAB8 /* Products */;
			projectDirPath = "";
			projectRoot = "";
			targets = (
				1818DBBB29B7B12700B0CAB8 /* IOS-Calculator */,
				1818DBD129B7B12B00B0CAB8 /* IOS-CalculatorTests */,
				1818DBDB29B7B12B00B0CAB8 /* IOS-CalculatorUITests */,
			);
		};
/* End PBXProject section */

/* Begin PBXResourcesBuildPhase section */
		1818DBBA29B7B12700B0CAB8 /* Resources */ = {
			isa = PBXResourcesBuildPhase;
			buildActionMask = 2147483647;
			files = (
				1818DBCC29B7B12A00B0CAB8 /* LaunchScreen.storyboard in Resources */,
				1818DBC929B7B12A00B0CAB8 /* Assets.xcassets in Resources */,
				1818DBFA29B7B44E00B0CAB8 /* HomeViewController.xib in Resources */,
			);
			runOnlyForDeploymentPostprocessing = 0;
		};
		1818DBD029B7B12B00B0CAB8 /* Resources */ = {
			isa = PBXResourcesBuildPhase;
			buildActionMask = 2147483647;
			files = (
			);
			runOnlyForDeploymentPostprocessing = 0;
		};
		1818DBDA29B7B12B00B0CAB8 /* Resources */ = {
			isa = PBXResourcesBuildPhase;
			buildActionMask = 2147483647;
			files = (
			);
			runOnlyForDeploymentPostprocessing = 0;
		};
/* End PBXResourcesBuildPhase section */

/* Begin PBXSourcesBuildPhase section */
		1818DBB829B7B12700B0CAB8 /* Sources */ = {
			isa = PBXSourcesBuildPhase;
			buildActionMask = 2147483647;
			files = (
				1818DBC029B7B12700B0CAB8 /* AppDelegate.swift in Sources */,
				1818DBF929B7B44E00B0CAB8 /* HomeViewController.swift in Sources */,
				1851294029B90390008C2B41 /* UIButtonExtension.swift in Sources */,
			);
			runOnlyForDeploymentPostprocessing = 0;
		};
		1818DBCE29B7B12B00B0CAB8 /* Sources */ = {
			isa = PBXSourcesBuildPhase;
			buildActionMask = 2147483647;
			files = (
				1818DBD729B7B12B00B0CAB8 /* IOS_CalculatorTests.swift in Sources */,
			);
			runOnlyForDeploymentPostprocessing = 0;
		};
		1818DBD829B7B12B00B0CAB8 /* Sources */ = {
			isa = PBXSourcesBuildPhase;
			buildActionMask = 2147483647;
			files = (
				1818DBE329B7B12B00B0CAB8 /* IOS_CalculatorUITestsLaunchTests.swift in Sources */,
				1818DBE129B7B12B00B0CAB8 /* IOS_CalculatorUITests.swift in Sources */,
			);
			runOnlyForDeploymentPostprocessing = 0;
		};
/* End PBXSourcesBuildPhase section */

/* Begin PBXTargetDependency section */
		1818DBD429B7B12B00B0CAB8 /* PBXTargetDependency */ = {
			isa = PBXTargetDependency;
			target = 1818DBBB29B7B12700B0CAB8 /* IOS-Calculator */;
			targetProxy = 1818DBD329B7B12B00B0CAB8 /* PBXContainerItemProxy */;
		};
		1818DBDE29B7B12B00B0CAB8 /* PBXTargetDependency */ = {
			isa = PBXTargetDependency;
			target = 1818DBBB29B7B12700B0CAB8 /* IOS-Calculator */;
			targetProxy = 1818DBDD29B7B12B00B0CAB8 /* PBXContainerItemProxy */;
		};
/* End PBXTargetDependency section */

/* Begin PBXVariantGroup section */
		1818DBCA29B7B12A00B0CAB8 /* LaunchScreen.storyboard */ = {
			isa = PBXVariantGroup;
			children = (
				1818DBCB29B7B12A00B0CAB8 /* Base */,
			);
			name = LaunchScreen.storyboard;
			sourceTree = "<group>";
		};
/* End PBXVariantGroup section */

/* Begin XCBuildConfiguration section */
		1818DBE429B7B12B00B0CAB8 /* Debug */ = {
			isa = XCBuildConfiguration;
			buildSettings = {
				ALWAYS_SEARCH_USER_PATHS = NO;
				CLANG_ANALYZER_NONNULL = YES;
				CLANG_ANALYZER_NUMBER_OBJECT_CONVERSION = YES_AGGRESSIVE;
				CLANG_CXX_LANGUAGE_STANDARD = "gnu++17";
				CLANG_CXX_LIBRARY = "libc++";
				CLANG_ENABLE_MODULES = YES;
				CLANG_ENABLE_OBJC_ARC = YES;
				CLANG_ENABLE_OBJC_WEAK = YES;
				CLANG_WARN_BLOCK_CAPTURE_AUTORELEASING = YES;
				CLANG_WARN_BOOL_CONVERSION = YES;
				CLANG_WARN_COMMA = YES;
				CLANG_WARN_CONSTANT_CONVERSION = YES;
				CLANG_WARN_DEPRECATED_OBJC_IMPLEMENTATIONS = YES;
				CLANG_WARN_DIRECT_OBJC_ISA_USAGE = YES_ERROR;
				CLANG_WARN_DOCUMENTATION_COMMENTS = YES;
				CLANG_WARN_EMPTY_BODY = YES;
				CLANG_WARN_ENUM_CONVERSION = YES;
				CLANG_WARN_INFINITE_RECURSION = YES;
				CLANG_WARN_INT_CONVERSION = YES;
				CLANG_WARN_NON_LITERAL_NULL_CONVERSION = YES;
				CLANG_WARN_OBJC_IMPLICIT_RETAIN_SELF = YES;
				CLANG_WARN_OBJC_LITERAL_CONVERSION = YES;
				CLANG_WARN_OBJC_ROOT_CLASS = YES_ERROR;
				CLANG_WARN_QUOTED_INCLUDE_IN_FRAMEWORK_HEADER = YES;
				CLANG_WARN_RANGE_LOOP_ANALYSIS = YES;
				CLANG_WARN_STRICT_PROTOTYPES = YES;
				CLANG_WARN_SUSPICIOUS_MOVE = YES;
				CLANG_WARN_UNGUARDED_AVAILABILITY = YES_AGGRESSIVE;
				CLANG_WARN_UNREACHABLE_CODE = YES;
				CLANG_WARN__DUPLICATE_METHOD_MATCH = YES;
				COPY_PHASE_STRIP = NO;
				DEBUG_INFORMATION_FORMAT = dwarf;
				ENABLE_STRICT_OBJC_MSGSEND = YES;
				ENABLE_TESTABILITY = YES;
				GCC_C_LANGUAGE_STANDARD = gnu11;
				GCC_DYNAMIC_NO_PIC = NO;
				GCC_NO_COMMON_BLOCKS = YES;
				GCC_OPTIMIZATION_LEVEL = 0;
				GCC_PREPROCESSOR_DEFINITIONS = (
					"DEBUG=1",
					"$(inherited)",
				);
				GCC_WARN_64_TO_32_BIT_CONVERSION = YES;
				GCC_WARN_ABOUT_RETURN_TYPE = YES_ERROR;
				GCC_WARN_UNDECLARED_SELECTOR = YES;
				GCC_WARN_UNINITIALIZED_AUTOS = YES_AGGRESSIVE;
				GCC_WARN_UNUSED_FUNCTION = YES;
				GCC_WARN_UNUSED_VARIABLE = YES;
				IPHONEOS_DEPLOYMENT_TARGET = 10.0;
				MTL_ENABLE_DEBUG_INFO = INCLUDE_SOURCE;
				MTL_FAST_MATH = YES;
				ONLY_ACTIVE_ARCH = YES;
				SDKROOT = iphoneos;
				SWIFT_ACTIVE_COMPILATION_CONDITIONS = DEBUG;
				SWIFT_OPTIMIZATION_LEVEL = "-Onone";
			};
			name = Debug;
		};
		1818DBE529B7B12B00B0CAB8 /* Release */ = {
			isa = XCBuildConfiguration;
			buildSettings = {
				ALWAYS_SEARCH_USER_PATHS = NO;
				CLANG_ANALYZER_NONNULL = YES;
				CLANG_ANALYZER_NUMBER_OBJECT_CONVERSION = YES_AGGRESSIVE;
				CLANG_CXX_LANGUAGE_STANDARD = "gnu++17";
				CLANG_CXX_LIBRARY = "libc++";
				CLANG_ENABLE_MODULES = YES;
				CLANG_ENABLE_OBJC_ARC = YES;
				CLANG_ENABLE_OBJC_WEAK = YES;
				CLANG_WARN_BLOCK_CAPTURE_AUTORELEASING = YES;
				CLANG_WARN_BOOL_CONVERSION = YES;
				CLANG_WARN_COMMA = YES;
				CLANG_WARN_CONSTANT_CONVERSION = YES;
				CLANG_WARN_DEPRECATED_OBJC_IMPLEMENTATIONS = YES;
				CLANG_WARN_DIRECT_OBJC_ISA_USAGE = YES_ERROR;
				CLANG_WARN_DOCUMENTATION_COMMENTS = YES;
				CLANG_WARN_EMPTY_BODY = YES;
				CLANG_WARN_ENUM_CONVERSION = YES;
				CLANG_WARN_INFINITE_RECURSION = YES;
				CLANG_WARN_INT_CONVERSION = YES;
				CLANG_WARN_NON_LITERAL_NULL_CONVERSION = YES;
				CLANG_WARN_OBJC_IMPLICIT_RETAIN_SELF = YES;
				CLANG_WARN_OBJC_LITERAL_CONVERSION = YES;
				CLANG_WARN_OBJC_ROOT_CLASS = YES_ERROR;
				CLANG_WARN_QUOTED_INCLUDE_IN_FRAMEWORK_HEADER = YES;
				CLANG_WARN_RANGE_LOOP_ANALYSIS = YES;
				CLANG_WARN_STRICT_PROTOTYPES = YES;
				CLANG_WARN_SUSPICIOUS_MOVE = YES;
				CLANG_WARN_UNGUARDED_AVAILABILITY = YES_AGGRESSIVE;
				CLANG_WARN_UNREACHABLE_CODE = YES;
				CLANG_WARN__DUPLICATE_METHOD_MATCH = YES;
				COPY_PHASE_STRIP = NO;
				DEBUG_INFORMATION_FORMAT = "dwarf-with-dsym";
				ENABLE_NS_ASSERTIONS = NO;
				ENABLE_STRICT_OBJC_MSGSEND = YES;
				GCC_C_LANGUAGE_STANDARD = gnu11;
				GCC_NO_COMMON_BLOCKS = YES;
				GCC_WARN_64_TO_32_BIT_CONVERSION = YES;
				GCC_WARN_ABOUT_RETURN_TYPE = YES_ERROR;
				GCC_WARN_UNDECLARED_SELECTOR = YES;
				GCC_WARN_UNINITIALIZED_AUTOS = YES_AGGRESSIVE;
				GCC_WARN_UNUSED_FUNCTION = YES;
				GCC_WARN_UNUSED_VARIABLE = YES;
				IPHONEOS_DEPLOYMENT_TARGET = 10.0;
				MTL_ENABLE_DEBUG_INFO = NO;
				MTL_FAST_MATH = YES;
				SDKROOT = iphoneos;
				SWIFT_COMPILATION_MODE = wholemodule;
				SWIFT_OPTIMIZATION_LEVEL = "-O";
				VALIDATE_PRODUCT = YES;
			};
			name = Release;
		};
		1818DBE729B7B12B00B0CAB8 /* Debug */ = {
			isa = XCBuildConfiguration;
			buildSettings = {
				ASSETCATALOG_COMPILER_APPICON_NAME = AppIcon;
				ASSETCATALOG_COMPILER_GLOBAL_ACCENT_COLOR_NAME = AccentColor;
				CODE_SIGN_STYLE = Automatic;
				CURRENT_PROJECT_VERSION = 1;
				GENERATE_INFOPLIST_FILE = YES;
				INFOPLIST_FILE = "IOS-Calculator/Supporting Files/Info.plist";
				INFOPLIST_KEY_CFBundleDisplayName = "IOS Calculator";
				INFOPLIST_KEY_UIApplicationSupportsIndirectInputEvents = YES;
				INFOPLIST_KEY_UILaunchStoryboardName = LaunchScreen;
				INFOPLIST_KEY_UISupportedInterfaceOrientations_iPad = "UIInterfaceOrientationPortrait UIInterfaceOrientationPortraitUpsideDown UIInterfaceOrientationLandscapeLeft UIInterfaceOrientationLandscapeRight";
				INFOPLIST_KEY_UISupportedInterfaceOrientations_iPhone = "UIInterfaceOrientationPortrait UIInterfaceOrientationLandscapeLeft UIInterfaceOrientationLandscapeRight";
				LD_RUNPATH_SEARCH_PATHS = (
					"$(inherited)",
					"@executable_path/Frameworks",
				);
				MARKETING_VERSION = 1.0;
				PRODUCT_BUNDLE_IDENTIFIER = "com.laureanovelasco.IOS-Calculator";
				PRODUCT_NAME = "$(TARGET_NAME)";
				SWIFT_EMIT_LOC_STRINGS = YES;
				SWIFT_VERSION = 5.0;
				TARGETED_DEVICE_FAMILY = "1,2";
			};
			name = Debug;
		};
		1818DBE829B7B12B00B0CAB8 /* Release */ = {
			isa = XCBuildConfiguration;
			buildSettings = {
				ASSETCATALOG_COMPILER_APPICON_NAME = AppIcon;
				ASSETCATALOG_COMPILER_GLOBAL_ACCENT_COLOR_NAME = AccentColor;
				CODE_SIGN_STYLE = Automatic;
				CURRENT_PROJECT_VERSION = 1;
				GENERATE_INFOPLIST_FILE = YES;
				INFOPLIST_FILE = "IOS-Calculator/Supporting Files/Info.plist";
				INFOPLIST_KEY_CFBundleDisplayName = "IOS Calculator";
				INFOPLIST_KEY_UIApplicationSupportsIndirectInputEvents = YES;
				INFOPLIST_KEY_UILaunchStoryboardName = LaunchScreen;
				INFOPLIST_KEY_UISupportedInterfaceOrientations_iPad = "UIInterfaceOrientationPortrait UIInterfaceOrientationPortraitUpsideDown UIInterfaceOrientationLandscapeLeft UIInterfaceOrientationLandscapeRight";
				INFOPLIST_KEY_UISupportedInterfaceOrientations_iPhone = "UIInterfaceOrientationPortrait UIInterfaceOrientationLandscapeLeft UIInterfaceOrientationLandscapeRight";
				LD_RUNPATH_SEARCH_PATHS = (
					"$(inherited)",
					"@executable_path/Frameworks",
				);
				MARKETING_VERSION = 1.0;
				PRODUCT_BUNDLE_IDENTIFIER = "com.laureanovelasco.IOS-Calculator";
				PRODUCT_NAME = "$(TARGET_NAME)";
				SWIFT_EMIT_LOC_STRINGS = YES;
				SWIFT_VERSION = 5.0;
				TARGETED_DEVICE_FAMILY = "1,2";
			};
			name = Release;
		};
		1818DBEA29B7B12B00B0CAB8 /* Debug */ = {
			isa = XCBuildConfiguration;
			buildSettings = {
				ALWAYS_EMBED_SWIFT_STANDARD_LIBRARIES = YES;
				BUNDLE_LOADER = "$(TEST_HOST)";
				CODE_SIGN_STYLE = Automatic;
				CURRENT_PROJECT_VERSION = 1;
				GENERATE_INFOPLIST_FILE = YES;
				IPHONEOS_DEPLOYMENT_TARGET = 15.2;
				MARKETING_VERSION = 1.0;
				PRODUCT_BUNDLE_IDENTIFIER = "com.camilastorck.IOS-CalculatorTests";
				PRODUCT_NAME = "$(TARGET_NAME)";
				SWIFT_EMIT_LOC_STRINGS = NO;
				SWIFT_VERSION = 5.0;
				TARGETED_DEVICE_FAMILY = "1,2";
				TEST_HOST = "$(BUILT_PRODUCTS_DIR)/IOS-Calculator.app/IOS-Calculator";
			};
			name = Debug;
		};
		1818DBEB29B7B12B00B0CAB8 /* Release */ = {
			isa = XCBuildConfiguration;
			buildSettings = {
				ALWAYS_EMBED_SWIFT_STANDARD_LIBRARIES = YES;
				BUNDLE_LOADER = "$(TEST_HOST)";
				CODE_SIGN_STYLE = Automatic;
				CURRENT_PROJECT_VERSION = 1;
				GENERATE_INFOPLIST_FILE = YES;
				IPHONEOS_DEPLOYMENT_TARGET = 15.2;
				MARKETING_VERSION = 1.0;
				PRODUCT_BUNDLE_IDENTIFIER = "com.camilastorck.IOS-CalculatorTests";
				PRODUCT_NAME = "$(TARGET_NAME)";
				SWIFT_EMIT_LOC_STRINGS = NO;
				SWIFT_VERSION = 5.0;
				TARGETED_DEVICE_FAMILY = "1,2";
				TEST_HOST = "$(BUILT_PRODUCTS_DIR)/IOS-Calculator.app/IOS-Calculator";
			};
			name = Release;
		};
		1818DBED29B7B12B00B0CAB8 /* Debug */ = {
			isa = XCBuildConfiguration;
			buildSettings = {
				ALWAYS_EMBED_SWIFT_STANDARD_LIBRARIES = YES;
				CODE_SIGN_STYLE = Automatic;
				CURRENT_PROJECT_VERSION = 1;
				GENERATE_INFOPLIST_FILE = YES;
				MARKETING_VERSION = 1.0;
				PRODUCT_BUNDLE_IDENTIFIER = "com.camilastorck.IOS-CalculatorUITests";
				PRODUCT_NAME = "$(TARGET_NAME)";
				SWIFT_EMIT_LOC_STRINGS = NO;
				SWIFT_VERSION = 5.0;
				TARGETED_DEVICE_FAMILY = "1,2";
				TEST_TARGET_NAME = "IOS-Calculator";
			};
			name = Debug;
		};
		1818DBEE29B7B12B00B0CAB8 /* Release */ = {
			isa = XCBuildConfiguration;
			buildSettings = {
				ALWAYS_EMBED_SWIFT_STANDARD_LIBRARIES = YES;
				CODE_SIGN_STYLE = Automatic;
				CURRENT_PROJECT_VERSION = 1;
				GENERATE_INFOPLIST_FILE = YES;
				MARKETING_VERSION = 1.0;
				PRODUCT_BUNDLE_IDENTIFIER = "com.camilastorck.IOS-CalculatorUITests";
				PRODUCT_NAME = "$(TARGET_NAME)";
				SWIFT_EMIT_LOC_STRINGS = NO;
				SWIFT_VERSION = 5.0;
				TARGETED_DEVICE_FAMILY = "1,2";
				TEST_TARGET_NAME = "IOS-Calculator";
			};
			name = Release;
		};
/* End XCBuildConfiguration section */

/* Begin XCConfigurationList section */
		1818DBB729B7B12700B0CAB8 /* Build configuration list for PBXProject "IOS-Calculator" */ = {
			isa = XCConfigurationList;
			buildConfigurations = (
				1818DBE429B7B12B00B0CAB8 /* Debug */,
				1818DBE529B7B12B00B0CAB8 /* Release */,
			);
			defaultConfigurationIsVisible = 0;
			defaultConfigurationName = Release;
		};
		1818DBE629B7B12B00B0CAB8 /* Build configuration list for PBXNativeTarget "IOS-Calculator" */ = {
			isa = XCConfigurationList;
			buildConfigurations = (
				1818DBE729B7B12B00B0CAB8 /* Debug */,
				1818DBE829B7B12B00B0CAB8 /* Release */,
			);
			defaultConfigurationIsVisible = 0;
			defaultConfigurationName = Release;
		};
		1818DBE929B7B12B00B0CAB8 /* Build configuration list for PBXNativeTarget "IOS-CalculatorTests" */ = {
			isa = XCConfigurationList;
			buildConfigurations = (
				1818DBEA29B7B12B00B0CAB8 /* Debug */,
				1818DBEB29B7B12B00B0CAB8 /* Release */,
			);
			defaultConfigurationIsVisible = 0;
			defaultConfigurationName = Release;
		};
		1818DBEC29B7B12B00B0CAB8 /* Build configuration list for PBXNativeTarget "IOS-CalculatorUITests" */ = {
			isa = XCConfigurationList;
			buildConfigurations = (
				1818DBED29B7B12B00B0CAB8 /* Debug */,
				1818DBEE29B7B12B00B0CAB8 /* Release */,
			);
			defaultConfigurationIsVisible = 0;
			defaultConfigurationName = Release;
		};
/* End XCConfigurationList section */
	};
	rootObject = 1818DBB429B7B12700B0CAB8 /* Project object */;
}
